// !$*UTF8*$!
{
	archiveVersion = 1;
	classes = {
	};
	objectVersion = 46;
	objects = {

/* Begin PBXBuildFile section */
		B12A3DFC1ED5542A009994F1 /* AppDelegate.swift in Sources */ = {isa = PBXBuildFile; fileRef = B12A3DFB1ED5542A009994F1 /* AppDelegate.swift */; };
		B12A3DFE1ED5542A009994F1 /* ViewController.swift in Sources */ = {isa = PBXBuildFile; fileRef = B12A3DFD1ED5542A009994F1 /* ViewController.swift */; };
		B12A3E011ED5542A009994F1 /* Main.storyboard in Resources */ = {isa = PBXBuildFile; fileRef = B12A3DFF1ED5542A009994F1 /* Main.storyboard */; };
		B12A3E031ED5542B009994F1 /* Assets.xcassets in Resources */ = {isa = PBXBuildFile; fileRef = B12A3E021ED5542B009994F1 /* Assets.xcassets */; };
		B12A3E061ED5542B009994F1 /* LaunchScreen.storyboard in Resources */ = {isa = PBXBuildFile; fileRef = B12A3E041ED5542B009994F1 /* LaunchScreen.storyboard */; };
		B12A3E111ED5542B009994F1 /* OptusWeatherTests.swift in Sources */ = {isa = PBXBuildFile; fileRef = B12A3E101ED5542B009994F1 /* OptusWeatherTests.swift */; };
		B12A3E1D1ED5586E009994F1 /* CityWeatherApiModel.swift in Sources */ = {isa = PBXBuildFile; fileRef = B12A3E1C1ED5586E009994F1 /* CityWeatherApiModel.swift */; };
		B12A3E201ED56F39009994F1 /* melb_weather.json in Resources */ = {isa = PBXBuildFile; fileRef = B12A3E1F1ED56F39009994F1 /* melb_weather.json */; };
		B12A3E221ED56F6D009994F1 /* Helpers.swift in Sources */ = {isa = PBXBuildFile; fileRef = B12A3E211ED56F6D009994F1 /* Helpers.swift */; };
		B12A3E241ED56FC7009994F1 /* JsonDeserializeTests.swift in Sources */ = {isa = PBXBuildFile; fileRef = B12A3E231ED56FC7009994F1 /* JsonDeserializeTests.swift */; };
		B12A3E271ED5716A009994F1 /* Result.swift in Sources */ = {isa = PBXBuildFile; fileRef = B12A3E261ED5716A009994F1 /* Result.swift */; };
		B12A3E291ED5718C009994F1 /* SerializationError.swift in Sources */ = {isa = PBXBuildFile; fileRef = B12A3E281ED5718C009994F1 /* SerializationError.swift */; };
		B12A3E2B1ED5AD16009994F1 /* cities_weather.json in Resources */ = {isa = PBXBuildFile; fileRef = B12A3E2A1ED5AD16009994F1 /* cities_weather.json */; };
		B12A3E2D1ED5ADB9009994F1 /* ApiClient.swift in Sources */ = {isa = PBXBuildFile; fileRef = B12A3E2C1ED5ADB9009994F1 /* ApiClient.swift */; };
		B12A3E2F1ED5B639009994F1 /* OpenWeatherMapApi.swift in Sources */ = {isa = PBXBuildFile; fileRef = B12A3E2E1ED5B639009994F1 /* OpenWeatherMapApi.swift */; };
		B12A3E311ED5B663009994F1 /* OpenWeatherMapApiClient.swift in Sources */ = {isa = PBXBuildFile; fileRef = B12A3E301ED5B663009994F1 /* OpenWeatherMapApiClient.swift */; };
		B12A3E331ED5BE23009994F1 /* City.swift in Sources */ = {isa = PBXBuildFile; fileRef = B12A3E321ED5BE23009994F1 /* City.swift */; };
		B12A3E351ED5C322009994F1 /* CityWeatherModelManager.swift in Sources */ = {isa = PBXBuildFile; fileRef = B12A3E341ED5C322009994F1 /* CityWeatherModelManager.swift */; };
		B12A3E371ED5C523009994F1 /* Location.swift in Sources */ = {isa = PBXBuildFile; fileRef = B12A3E361ED5C523009994F1 /* Location.swift */; };
		B12A3E391ED5C541009994F1 /* Temperature.swift in Sources */ = {isa = PBXBuildFile; fileRef = B12A3E381ED5C541009994F1 /* Temperature.swift */; };
		B12A3E3B1ED5C55B009994F1 /* Condition.swift in Sources */ = {isa = PBXBuildFile; fileRef = B12A3E3A1ED5C55B009994F1 /* Condition.swift */; };
		B12A3E3D1ED5C564009994F1 /* Wind.swift in Sources */ = {isa = PBXBuildFile; fileRef = B12A3E3C1ED5C564009994F1 /* Wind.swift */; };
		B12A3E3F1ED5C56A009994F1 /* Weather.swift in Sources */ = {isa = PBXBuildFile; fileRef = B12A3E3E1ED5C56A009994F1 /* Weather.swift */; };
		B12A3E411ED5C574009994F1 /* Sun.swift in Sources */ = {isa = PBXBuildFile; fileRef = B12A3E401ED5C574009994F1 /* Sun.swift */; };
		B12A3E441ED65482009994F1 /* CityListViewModel.swift in Sources */ = {isa = PBXBuildFile; fileRef = B12A3E431ED65482009994F1 /* CityListViewModel.swift */; };
		B12A3E461ED655EE009994F1 /* CityViewModel.swift in Sources */ = {isa = PBXBuildFile; fileRef = B12A3E451ED655EE009994F1 /* CityViewModel.swift */; };
		B1C7ECD71ED65DA9007516CB /* Formatters.swift in Sources */ = {isa = PBXBuildFile; fileRef = B1C7ECD61ED65DA9007516CB /* Formatters.swift */; };
		B1C7ECD91ED6675B007516CB /* ViewModelPopulation.swift in Sources */ = {isa = PBXBuildFile; fileRef = B1C7ECD81ED6675B007516CB /* ViewModelPopulation.swift */; };
		B1C7ECDB1ED7E0EC007516CB /* CityListViewModelTests.swift in Sources */ = {isa = PBXBuildFile; fileRef = B1C7ECDA1ED7E0EC007516CB /* CityListViewModelTests.swift */; };
		B1C7ECDE1ED7FA1B007516CB /* OpenWeatherMapClientTests.swift in Sources */ = {isa = PBXBuildFile; fileRef = B1C7ECDD1ED7FA1B007516CB /* OpenWeatherMapClientTests.swift */; };
/* End PBXBuildFile section */

/* Begin PBXContainerItemProxy section */
		B12A3E0D1ED5542B009994F1 /* PBXContainerItemProxy */ = {
			isa = PBXContainerItemProxy;
			containerPortal = B12A3DF01ED5542A009994F1 /* Project object */;
			proxyType = 1;
			remoteGlobalIDString = B12A3DF71ED5542A009994F1;
			remoteInfo = OptusWeather;
		};
/* End PBXContainerItemProxy section */

/* Begin PBXFileReference section */
		B12A3DF81ED5542A009994F1 /* OptusWeather.app */ = {isa = PBXFileReference; explicitFileType = wrapper.application; includeInIndex = 0; path = OptusWeather.app; sourceTree = BUILT_PRODUCTS_DIR; };
		B12A3DFB1ED5542A009994F1 /* AppDelegate.swift */ = {isa = PBXFileReference; lastKnownFileType = sourcecode.swift; path = AppDelegate.swift; sourceTree = "<group>"; };
		B12A3DFD1ED5542A009994F1 /* ViewController.swift */ = {isa = PBXFileReference; lastKnownFileType = sourcecode.swift; path = ViewController.swift; sourceTree = "<group>"; };
		B12A3E001ED5542A009994F1 /* Base */ = {isa = PBXFileReference; lastKnownFileType = file.storyboard; name = Base; path = Base.lproj/Main.storyboard; sourceTree = "<group>"; };
		B12A3E021ED5542B009994F1 /* Assets.xcassets */ = {isa = PBXFileReference; lastKnownFileType = folder.assetcatalog; path = Assets.xcassets; sourceTree = "<group>"; };
		B12A3E051ED5542B009994F1 /* Base */ = {isa = PBXFileReference; lastKnownFileType = file.storyboard; name = Base; path = Base.lproj/LaunchScreen.storyboard; sourceTree = "<group>"; };
		B12A3E071ED5542B009994F1 /* Info.plist */ = {isa = PBXFileReference; lastKnownFileType = text.plist.xml; path = Info.plist; sourceTree = "<group>"; };
		B12A3E0C1ED5542B009994F1 /* OptusWeatherTests.xctest */ = {isa = PBXFileReference; explicitFileType = wrapper.cfbundle; includeInIndex = 0; path = OptusWeatherTests.xctest; sourceTree = BUILT_PRODUCTS_DIR; };
		B12A3E101ED5542B009994F1 /* OptusWeatherTests.swift */ = {isa = PBXFileReference; lastKnownFileType = sourcecode.swift; path = OptusWeatherTests.swift; sourceTree = "<group>"; };
		B12A3E121ED5542B009994F1 /* Info.plist */ = {isa = PBXFileReference; lastKnownFileType = text.plist.xml; path = Info.plist; sourceTree = "<group>"; };
		B12A3E1C1ED5586E009994F1 /* CityWeatherApiModel.swift */ = {isa = PBXFileReference; fileEncoding = 4; lastKnownFileType = sourcecode.swift; path = CityWeatherApiModel.swift; sourceTree = "<group>"; };
		B12A3E1F1ED56F39009994F1 /* melb_weather.json */ = {isa = PBXFileReference; fileEncoding = 4; lastKnownFileType = text.json; path = melb_weather.json; sourceTree = "<group>"; };
		B12A3E211ED56F6D009994F1 /* Helpers.swift */ = {isa = PBXFileReference; fileEncoding = 4; lastKnownFileType = sourcecode.swift; path = Helpers.swift; sourceTree = "<group>"; };
		B12A3E231ED56FC7009994F1 /* JsonDeserializeTests.swift */ = {isa = PBXFileReference; fileEncoding = 4; lastKnownFileType = sourcecode.swift; path = JsonDeserializeTests.swift; sourceTree = "<group>"; };
		B12A3E261ED5716A009994F1 /* Result.swift */ = {isa = PBXFileReference; fileEncoding = 4; lastKnownFileType = sourcecode.swift; path = Result.swift; sourceTree = "<group>"; };
		B12A3E281ED5718C009994F1 /* SerializationError.swift */ = {isa = PBXFileReference; fileEncoding = 4; lastKnownFileType = sourcecode.swift; path = SerializationError.swift; sourceTree = "<group>"; };
		B12A3E2A1ED5AD16009994F1 /* cities_weather.json */ = {isa = PBXFileReference; fileEncoding = 4; lastKnownFileType = text.json; path = cities_weather.json; sourceTree = "<group>"; };
		B12A3E2C1ED5ADB9009994F1 /* ApiClient.swift */ = {isa = PBXFileReference; fileEncoding = 4; lastKnownFileType = sourcecode.swift; path = ApiClient.swift; sourceTree = "<group>"; };
		B12A3E2E1ED5B639009994F1 /* OpenWeatherMapApi.swift */ = {isa = PBXFileReference; fileEncoding = 4; lastKnownFileType = sourcecode.swift; path = OpenWeatherMapApi.swift; sourceTree = "<group>"; };
		B12A3E301ED5B663009994F1 /* OpenWeatherMapApiClient.swift */ = {isa = PBXFileReference; fileEncoding = 4; lastKnownFileType = sourcecode.swift; path = OpenWeatherMapApiClient.swift; sourceTree = "<group>"; };
		B12A3E321ED5BE23009994F1 /* City.swift */ = {isa = PBXFileReference; fileEncoding = 4; lastKnownFileType = sourcecode.swift; path = City.swift; sourceTree = "<group>"; };
		B12A3E341ED5C322009994F1 /* CityWeatherModelManager.swift */ = {isa = PBXFileReference; fileEncoding = 4; lastKnownFileType = sourcecode.swift; path = CityWeatherModelManager.swift; sourceTree = "<group>"; };
		B12A3E361ED5C523009994F1 /* Location.swift */ = {isa = PBXFileReference; fileEncoding = 4; lastKnownFileType = sourcecode.swift; path = Location.swift; sourceTree = "<group>"; };
		B12A3E381ED5C541009994F1 /* Temperature.swift */ = {isa = PBXFileReference; fileEncoding = 4; lastKnownFileType = sourcecode.swift; path = Temperature.swift; sourceTree = "<group>"; };
		B12A3E3A1ED5C55B009994F1 /* Condition.swift */ = {isa = PBXFileReference; fileEncoding = 4; lastKnownFileType = sourcecode.swift; path = Condition.swift; sourceTree = "<group>"; };
		B12A3E3C1ED5C564009994F1 /* Wind.swift */ = {isa = PBXFileReference; fileEncoding = 4; lastKnownFileType = sourcecode.swift; path = Wind.swift; sourceTree = "<group>"; };
		B12A3E3E1ED5C56A009994F1 /* Weather.swift */ = {isa = PBXFileReference; fileEncoding = 4; lastKnownFileType = sourcecode.swift; path = Weather.swift; sourceTree = "<group>"; };
		B12A3E401ED5C574009994F1 /* Sun.swift */ = {isa = PBXFileReference; fileEncoding = 4; lastKnownFileType = sourcecode.swift; path = Sun.swift; sourceTree = "<group>"; };
		B12A3E431ED65482009994F1 /* CityListViewModel.swift */ = {isa = PBXFileReference; fileEncoding = 4; lastKnownFileType = sourcecode.swift; path = CityListViewModel.swift; sourceTree = "<group>"; };
		B12A3E451ED655EE009994F1 /* CityViewModel.swift */ = {isa = PBXFileReference; fileEncoding = 4; lastKnownFileType = sourcecode.swift; path = CityViewModel.swift; sourceTree = "<group>"; };
		B1C7ECD61ED65DA9007516CB /* Formatters.swift */ = {isa = PBXFileReference; fileEncoding = 4; lastKnownFileType = sourcecode.swift; path = Formatters.swift; sourceTree = "<group>"; };
		B1C7ECD81ED6675B007516CB /* ViewModelPopulation.swift */ = {isa = PBXFileReference; fileEncoding = 4; lastKnownFileType = sourcecode.swift; path = ViewModelPopulation.swift; sourceTree = "<group>"; };
		B1C7ECDA1ED7E0EC007516CB /* CityListViewModelTests.swift */ = {isa = PBXFileReference; fileEncoding = 4; lastKnownFileType = sourcecode.swift; path = CityListViewModelTests.swift; sourceTree = "<group>"; };
		B1C7ECDD1ED7FA1B007516CB /* OpenWeatherMapClientTests.swift */ = {isa = PBXFileReference; fileEncoding = 4; lastKnownFileType = sourcecode.swift; path = OpenWeatherMapClientTests.swift; sourceTree = "<group>"; };
/* End PBXFileReference section */

/* Begin PBXFrameworksBuildPhase section */
		B12A3DF51ED5542A009994F1 /* Frameworks */ = {
			isa = PBXFrameworksBuildPhase;
			buildActionMask = 2147483647;
			files = (
			);
			runOnlyForDeploymentPostprocessing = 0;
		};
		B12A3E091ED5542B009994F1 /* Frameworks */ = {
			isa = PBXFrameworksBuildPhase;
			buildActionMask = 2147483647;
			files = (
			);
			runOnlyForDeploymentPostprocessing = 0;
		};
/* End PBXFrameworksBuildPhase section */

/* Begin PBXGroup section */
		B12A3DEF1ED5542A009994F1 = {
			isa = PBXGroup;
			children = (
				B12A3DFA1ED5542A009994F1 /* OptusWeather */,
				B12A3E0F1ED5542B009994F1 /* OptusWeatherTests */,
				B12A3DF91ED5542A009994F1 /* Products */,
			);
			sourceTree = "<group>";
		};
		B12A3DF91ED5542A009994F1 /* Products */ = {
			isa = PBXGroup;
			children = (
				B12A3DF81ED5542A009994F1 /* OptusWeather.app */,
				B12A3E0C1ED5542B009994F1 /* OptusWeatherTests.xctest */,
			);
			name = Products;
			sourceTree = "<group>";
		};
		B12A3DFA1ED5542A009994F1 /* OptusWeather */ = {
			isa = PBXGroup;
			children = (
				B12A3E251ED57157009994F1 /* Common */,
				B12A3E1B1ED55848009994F1 /* Model */,
				B12A3E421ED65466009994F1 /* ViewModel */,
				B1C7ECDC1ED7F9A2007516CB /* View */,
				B12A3DFB1ED5542A009994F1 /* AppDelegate.swift */,
				B12A3E021ED5542B009994F1 /* Assets.xcassets */,
				B12A3E071ED5542B009994F1 /* Info.plist */,
			);
			path = OptusWeather;
			sourceTree = "<group>";
		};
		B12A3E0F1ED5542B009994F1 /* OptusWeatherTests */ = {
			isa = PBXGroup;
			children = (
				B12A3E2A1ED5AD16009994F1 /* cities_weather.json */,
				B1C7ECDA1ED7E0EC007516CB /* CityListViewModelTests.swift */,
				B12A3E211ED56F6D009994F1 /* Helpers.swift */,
				B12A3E121ED5542B009994F1 /* Info.plist */,
				B12A3E231ED56FC7009994F1 /* JsonDeserializeTests.swift */,
				B12A3E1F1ED56F39009994F1 /* melb_weather.json */,
				B12A3E101ED5542B009994F1 /* OptusWeatherTests.swift */,
				B1C7ECD81ED6675B007516CB /* ViewModelPopulation.swift */,
				B1C7ECDD1ED7FA1B007516CB /* OpenWeatherMapClientTests.swift */,
			);
			path = OptusWeatherTests;
			sourceTree = "<group>";
		};
		B12A3E1B1ED55848009994F1 /* Model */ = {
			isa = PBXGroup;
			children = (
				B12A3E1E1ED56C13009994F1 /* Service */,
				B12A3E341ED5C322009994F1 /* CityWeatherModelManager.swift */,
				B12A3E3A1ED5C55B009994F1 /* Condition.swift */,
				B12A3E361ED5C523009994F1 /* Location.swift */,
				B12A3E321ED5BE23009994F1 /* City.swift */,
				B12A3E401ED5C574009994F1 /* Sun.swift */,
				B12A3E381ED5C541009994F1 /* Temperature.swift */,
				B12A3E3E1ED5C56A009994F1 /* Weather.swift */,
				B12A3E3C1ED5C564009994F1 /* Wind.swift */,
			);
			name = Model;
			sourceTree = "<group>";
		};
		B12A3E1E1ED56C13009994F1 /* Service */ = {
			isa = PBXGroup;
			children = (
				B12A3E2C1ED5ADB9009994F1 /* ApiClient.swift */,
				B12A3E1C1ED5586E009994F1 /* CityWeatherApiModel.swift */,
				B12A3E2E1ED5B639009994F1 /* OpenWeatherMapApi.swift */,
				B12A3E301ED5B663009994F1 /* OpenWeatherMapApiClient.swift */,
			);
			name = Service;
			sourceTree = "<group>";
		};
		B12A3E251ED57157009994F1 /* Common */ = {
			isa = PBXGroup;
			children = (
				B12A3E261ED5716A009994F1 /* Result.swift */,
				B12A3E281ED5718C009994F1 /* SerializationError.swift */,
			);
			name = Common;
			sourceTree = "<group>";
		};
		B12A3E421ED65466009994F1 /* ViewModel */ = {
			isa = PBXGroup;
			children = (
				B12A3E431ED65482009994F1 /* CityListViewModel.swift */,
				B12A3E451ED655EE009994F1 /* CityViewModel.swift */,
				B1C7ECD61ED65DA9007516CB /* Formatters.swift */,
			);
			name = ViewModel;
			sourceTree = "<group>";
		};
		B1C7ECDC1ED7F9A2007516CB /* View */ = {
			isa = PBXGroup;
			children = (
				B12A3E041ED5542B009994F1 /* LaunchScreen.storyboard */,
				B12A3DFD1ED5542A009994F1 /* ViewController.swift */,
				B12A3DFF1ED5542A009994F1 /* Main.storyboard */,
			);
			name = View;
			sourceTree = "<group>";
		};
/* End PBXGroup section */

/* Begin PBXNativeTarget section */
		B12A3DF71ED5542A009994F1 /* OptusWeather */ = {
			isa = PBXNativeTarget;
			buildConfigurationList = B12A3E151ED5542B009994F1 /* Build configuration list for PBXNativeTarget "OptusWeather" */;
			buildPhases = (
				B12A3DF41ED5542A009994F1 /* Sources */,
				B12A3DF51ED5542A009994F1 /* Frameworks */,
				B12A3DF61ED5542A009994F1 /* Resources */,
			);
			buildRules = (
			);
			dependencies = (
			);
			name = OptusWeather;
			productName = OptusWeather;
			productReference = B12A3DF81ED5542A009994F1 /* OptusWeather.app */;
			productType = "com.apple.product-type.application";
		};
		B12A3E0B1ED5542B009994F1 /* OptusWeatherTests */ = {
			isa = PBXNativeTarget;
			buildConfigurationList = B12A3E181ED5542B009994F1 /* Build configuration list for PBXNativeTarget "OptusWeatherTests" */;
			buildPhases = (
				B12A3E081ED5542B009994F1 /* Sources */,
				B12A3E091ED5542B009994F1 /* Frameworks */,
				B12A3E0A1ED5542B009994F1 /* Resources */,
			);
			buildRules = (
			);
			dependencies = (
				B12A3E0E1ED5542B009994F1 /* PBXTargetDependency */,
			);
			name = OptusWeatherTests;
			productName = OptusWeatherTests;
			productReference = B12A3E0C1ED5542B009994F1 /* OptusWeatherTests.xctest */;
			productType = "com.apple.product-type.bundle.unit-test";
		};
/* End PBXNativeTarget section */

/* Begin PBXProject section */
		B12A3DF01ED5542A009994F1 /* Project object */ = {
			isa = PBXProject;
			attributes = {
				LastSwiftUpdateCheck = 0820;
				LastUpgradeCheck = 0820;
				ORGANIZATIONNAME = "Vijay Santhanam";
				TargetAttributes = {
					B12A3DF71ED5542A009994F1 = {
						CreatedOnToolsVersion = 8.2.1;
						ProvisioningStyle = Automatic;
					};
					B12A3E0B1ED5542B009994F1 = {
						CreatedOnToolsVersion = 8.2.1;
						ProvisioningStyle = Automatic;
						TestTargetID = B12A3DF71ED5542A009994F1;
					};
				};
			};
			buildConfigurationList = B12A3DF31ED5542A009994F1 /* Build configuration list for PBXProject "OptusWeather" */;
			compatibilityVersion = "Xcode 3.2";
			developmentRegion = English;
			hasScannedForEncodings = 0;
			knownRegions = (
				en,
				Base,
			);
			mainGroup = B12A3DEF1ED5542A009994F1;
			productRefGroup = B12A3DF91ED5542A009994F1 /* Products */;
			projectDirPath = "";
			projectRoot = "";
			targets = (
				B12A3DF71ED5542A009994F1 /* OptusWeather */,
				B12A3E0B1ED5542B009994F1 /* OptusWeatherTests */,
			);
		};
/* End PBXProject section */

/* Begin PBXResourcesBuildPhase section */
		B12A3DF61ED5542A009994F1 /* Resources */ = {
			isa = PBXResourcesBuildPhase;
			buildActionMask = 2147483647;
			files = (
				B12A3E061ED5542B009994F1 /* LaunchScreen.storyboard in Resources */,
				B12A3E031ED5542B009994F1 /* Assets.xcassets in Resources */,
				B12A3E011ED5542A009994F1 /* Main.storyboard in Resources */,
			);
			runOnlyForDeploymentPostprocessing = 0;
		};
		B12A3E0A1ED5542B009994F1 /* Resources */ = {
			isa = PBXResourcesBuildPhase;
			buildActionMask = 2147483647;
			files = (
				B12A3E201ED56F39009994F1 /* melb_weather.json in Resources */,
				B12A3E2B1ED5AD16009994F1 /* cities_weather.json in Resources */,
			);
			runOnlyForDeploymentPostprocessing = 0;
		};
/* End PBXResourcesBuildPhase section */

/* Begin PBXSourcesBuildPhase section */
		B12A3DF41ED5542A009994F1 /* Sources */ = {
			isa = PBXSourcesBuildPhase;
			buildActionMask = 2147483647;
			files = (
				B12A3E331ED5BE23009994F1 /* City.swift in Sources */,
				B12A3E371ED5C523009994F1 /* Location.swift in Sources */,
				B12A3E391ED5C541009994F1 /* Temperature.swift in Sources */,
				B12A3E291ED5718C009994F1 /* SerializationError.swift in Sources */,
				B12A3E3F1ED5C56A009994F1 /* Weather.swift in Sources */,
				B12A3E311ED5B663009994F1 /* OpenWeatherMapApiClient.swift in Sources */,
				B12A3E1D1ED5586E009994F1 /* CityWeatherApiModel.swift in Sources */,
				B12A3E461ED655EE009994F1 /* CityViewModel.swift in Sources */,
				B12A3DFE1ED5542A009994F1 /* ViewController.swift in Sources */,
				B12A3E271ED5716A009994F1 /* Result.swift in Sources */,
				B12A3E3B1ED5C55B009994F1 /* Condition.swift in Sources */,
				B12A3E441ED65482009994F1 /* CityListViewModel.swift in Sources */,
				B12A3E411ED5C574009994F1 /* Sun.swift in Sources */,
				B1C7ECD71ED65DA9007516CB /* Formatters.swift in Sources */,
				B12A3E3D1ED5C564009994F1 /* Wind.swift in Sources */,
				B12A3DFC1ED5542A009994F1 /* AppDelegate.swift in Sources */,
				B12A3E351ED5C322009994F1 /* CityWeatherModelManager.swift in Sources */,
				B12A3E2D1ED5ADB9009994F1 /* ApiClient.swift in Sources */,
				B12A3E2F1ED5B639009994F1 /* OpenWeatherMapApi.swift in Sources */,
			);
			runOnlyForDeploymentPostprocessing = 0;
		};
		B12A3E081ED5542B009994F1 /* Sources */ = {
			isa = PBXSourcesBuildPhase;
			buildActionMask = 2147483647;
			files = (
				B1C7ECDE1ED7FA1B007516CB /* OpenWeatherMapClientTests.swift in Sources */,
				B12A3E111ED5542B009994F1 /* OptusWeatherTests.swift in Sources */,
				B12A3E241ED56FC7009994F1 /* JsonDeserializeTests.swift in Sources */,
				B12A3E221ED56F6D009994F1 /* Helpers.swift in Sources */,
				B1C7ECDB1ED7E0EC007516CB /* CityListViewModelTests.swift in Sources */,
				B1C7ECD91ED6675B007516CB /* ViewModelPopulation.swift in Sources */,
			);
			runOnlyForDeploymentPostprocessing = 0;
		};
/* End PBXSourcesBuildPhase section */

/* Begin PBXTargetDependency section */
		B12A3E0E1ED5542B009994F1 /* PBXTargetDependency */ = {
			isa = PBXTargetDependency;
			target = B12A3DF71ED5542A009994F1 /* OptusWeather */;
			targetProxy = B12A3E0D1ED5542B009994F1 /* PBXContainerItemProxy */;
		};
/* End PBXTargetDependency section */

/* Begin PBXVariantGroup section */
		B12A3DFF1ED5542A009994F1 /* Main.storyboard */ = {
			isa = PBXVariantGroup;
			children = (
				B12A3E001ED5542A009994F1 /* Base */,
			);
			name = Main.storyboard;
			sourceTree = "<group>";
		};
		B12A3E041ED5542B009994F1 /* LaunchScreen.storyboard */ = {
			isa = PBXVariantGroup;
			children = (
				B12A3E051ED5542B009994F1 /* Base */,
			);
			name = LaunchScreen.storyboard;
			sourceTree = "<group>";
		};
/* End PBXVariantGroup section */

/* Begin XCBuildConfiguration section */
		B12A3E131ED5542B009994F1 /* Debug */ = {
			isa = XCBuildConfiguration;
			buildSettings = {
				ALWAYS_SEARCH_USER_PATHS = NO;
				CLANG_ANALYZER_NONNULL = YES;
				CLANG_CXX_LANGUAGE_STANDARD = "gnu++0x";
				CLANG_CXX_LIBRARY = "libc++";
				CLANG_ENABLE_MODULES = YES;
				CLANG_ENABLE_OBJC_ARC = YES;
				CLANG_WARN_BOOL_CONVERSION = YES;
				CLANG_WARN_CONSTANT_CONVERSION = YES;
				CLANG_WARN_DIRECT_OBJC_ISA_USAGE = YES_ERROR;
				CLANG_WARN_DOCUMENTATION_COMMENTS = YES;
				CLANG_WARN_EMPTY_BODY = YES;
				CLANG_WARN_ENUM_CONVERSION = YES;
				CLANG_WARN_INFINITE_RECURSION = YES;
				CLANG_WARN_INT_CONVERSION = YES;
				CLANG_WARN_OBJC_ROOT_CLASS = YES_ERROR;
				CLANG_WARN_SUSPICIOUS_MOVE = YES;
				CLANG_WARN_UNREACHABLE_CODE = YES;
				CLANG_WARN__DUPLICATE_METHOD_MATCH = YES;
				"CODE_SIGN_IDENTITY[sdk=iphoneos*]" = "iPhone Developer";
				COPY_PHASE_STRIP = NO;
				DEBUG_INFORMATION_FORMAT = dwarf;
				ENABLE_STRICT_OBJC_MSGSEND = YES;
				ENABLE_TESTABILITY = YES;
				GCC_C_LANGUAGE_STANDARD = gnu99;
				GCC_DYNAMIC_NO_PIC = NO;
				GCC_NO_COMMON_BLOCKS = YES;
				GCC_OPTIMIZATION_LEVEL = 0;
				GCC_PREPROCESSOR_DEFINITIONS = (
					"DEBUG=1",
					"$(inherited)",
				);
				GCC_WARN_64_TO_32_BIT_CONVERSION = YES;
				GCC_WARN_ABOUT_RETURN_TYPE = YES_ERROR;
				GCC_WARN_UNDECLARED_SELECTOR = YES;
				GCC_WARN_UNINITIALIZED_AUTOS = YES_AGGRESSIVE;
				GCC_WARN_UNUSED_FUNCTION = YES;
				GCC_WARN_UNUSED_VARIABLE = YES;
				IPHONEOS_DEPLOYMENT_TARGET = 10.2;
				MTL_ENABLE_DEBUG_INFO = YES;
				ONLY_ACTIVE_ARCH = YES;
				SDKROOT = iphoneos;
				SWIFT_ACTIVE_COMPILATION_CONDITIONS = DEBUG;
				SWIFT_OPTIMIZATION_LEVEL = "-Onone";
				TARGETED_DEVICE_FAMILY = "1,2";
			};
			name = Debug;
		};
		B12A3E141ED5542B009994F1 /* Release */ = {
			isa = XCBuildConfiguration;
			buildSettings = {
				ALWAYS_SEARCH_USER_PATHS = NO;
				CLANG_ANALYZER_NONNULL = YES;
				CLANG_CXX_LANGUAGE_STANDARD = "gnu++0x";
				CLANG_CXX_LIBRARY = "libc++";
				CLANG_ENABLE_MODULES = YES;
				CLANG_ENABLE_OBJC_ARC = YES;
				CLANG_WARN_BOOL_CONVERSION = YES;
				CLANG_WARN_CONSTANT_CONVERSION = YES;
				CLANG_WARN_DIRECT_OBJC_ISA_USAGE = YES_ERROR;
				CLANG_WARN_DOCUMENTATION_COMMENTS = YES;
				CLANG_WARN_EMPTY_BODY = YES;
				CLANG_WARN_ENUM_CONVERSION = YES;
				CLANG_WARN_INFINITE_RECURSION = YES;
				CLANG_WARN_INT_CONVERSION = YES;
				CLANG_WARN_OBJC_ROOT_CLASS = YES_ERROR;
				CLANG_WARN_SUSPICIOUS_MOVE = YES;
				CLANG_WARN_UNREACHABLE_CODE = YES;
				CLANG_WARN__DUPLICATE_METHOD_MATCH = YES;
				"CODE_SIGN_IDENTITY[sdk=iphoneos*]" = "iPhone Developer";
				COPY_PHASE_STRIP = NO;
				DEBUG_INFORMATION_FORMAT = "dwarf-with-dsym";
				ENABLE_NS_ASSERTIONS = NO;
				ENABLE_STRICT_OBJC_MSGSEND = YES;
				GCC_C_LANGUAGE_STANDARD = gnu99;
				GCC_NO_COMMON_BLOCKS = YES;
				GCC_WARN_64_TO_32_BIT_CONVERSION = YES;
				GCC_WARN_ABOUT_RETURN_TYPE = YES_ERROR;
				GCC_WARN_UNDECLARED_SELECTOR = YES;
				GCC_WARN_UNINITIALIZED_AUTOS = YES_AGGRESSIVE;
				GCC_WARN_UNUSED_FUNCTION = YES;
				GCC_WARN_UNUSED_VARIABLE = YES;
				IPHONEOS_DEPLOYMENT_TARGET = 10.2;
				MTL_ENABLE_DEBUG_INFO = NO;
				SDKROOT = iphoneos;
				SWIFT_OPTIMIZATION_LEVEL = "-Owholemodule";
				TARGETED_DEVICE_FAMILY = "1,2";
				VALIDATE_PRODUCT = YES;
			};
			name = Release;
		};
		B12A3E161ED5542B009994F1 /* Debug */ = {
			isa = XCBuildConfiguration;
			buildSettings = {
				ASSETCATALOG_COMPILER_APPICON_NAME = AppIcon;
				INFOPLIST_FILE = OptusWeather/Info.plist;
				LD_RUNPATH_SEARCH_PATHS = "$(inherited) @executable_path/Frameworks";
				PRODUCT_BUNDLE_IDENTIFIER = com.propagandapanda.OptusWeather;
				PRODUCT_NAME = "$(TARGET_NAME)";
				SWIFT_VERSION = 3.0;
			};
			name = Debug;
		};
		B12A3E171ED5542B009994F1 /* Release */ = {
			isa = XCBuildConfiguration;
			buildSettings = {
				ASSETCATALOG_COMPILER_APPICON_NAME = AppIcon;
				INFOPLIST_FILE = OptusWeather/Info.plist;
				LD_RUNPATH_SEARCH_PATHS = "$(inherited) @executable_path/Frameworks";
				PRODUCT_BUNDLE_IDENTIFIER = com.propagandapanda.OptusWeather;
				PRODUCT_NAME = "$(TARGET_NAME)";
				SWIFT_VERSION = 3.0;
			};
			name = Release;
		};
		B12A3E191ED5542B009994F1 /* Debug */ = {
			isa = XCBuildConfiguration;
			buildSettings = {
				ALWAYS_EMBED_SWIFT_STANDARD_LIBRARIES = YES;
				BUNDLE_LOADER = "$(TEST_HOST)";
				INFOPLIST_FILE = OptusWeatherTests/Info.plist;
				LD_RUNPATH_SEARCH_PATHS = "$(inherited) @executable_path/Frameworks @loader_path/Frameworks";
				PRODUCT_BUNDLE_IDENTIFIER = com.propagandapanda.OptusWeatherTests;
				PRODUCT_NAME = "$(TARGET_NAME)";
				SWIFT_VERSION = 3.0;
				TEST_HOST = "$(BUILT_PRODUCTS_DIR)/OptusWeather.app/OptusWeather";
			};
			name = Debug;
		};
		B12A3E1A1ED5542B009994F1 /* Release */ = {
			isa = XCBuildConfiguration;
			buildSettings = {
				ALWAYS_EMBED_SWIFT_STANDARD_LIBRARIES = YES;
				BUNDLE_LOADER = "$(TEST_HOST)";
				INFOPLIST_FILE = OptusWeatherTests/Info.plist;
				LD_RUNPATH_SEARCH_PATHS = "$(inherited) @executable_path/Frameworks @loader_path/Frameworks";
				PRODUCT_BUNDLE_IDENTIFIER = com.propagandapanda.OptusWeatherTests;
				PRODUCT_NAME = "$(TARGET_NAME)";
				SWIFT_VERSION = 3.0;
				TEST_HOST = "$(BUILT_PRODUCTS_DIR)/OptusWeather.app/OptusWeather";
			};
			name = Release;
		};
/* End XCBuildConfiguration section */

/* Begin XCConfigurationList section */
		B12A3DF31ED5542A009994F1 /* Build configuration list for PBXProject "OptusWeather" */ = {
			isa = XCConfigurationList;
			buildConfigurations = (
				B12A3E131ED5542B009994F1 /* Debug */,
				B12A3E141ED5542B009994F1 /* Release */,
			);
			defaultConfigurationIsVisible = 0;
			defaultConfigurationName = Release;
		};
		B12A3E151ED5542B009994F1 /* Build configuration list for PBXNativeTarget "OptusWeather" */ = {
			isa = XCConfigurationList;
			buildConfigurations = (
				B12A3E161ED5542B009994F1 /* Debug */,
				B12A3E171ED5542B009994F1 /* Release */,
			);
			defaultConfigurationIsVisible = 0;
			defaultConfigurationName = Release;
		};
		B12A3E181ED5542B009994F1 /* Build configuration list for PBXNativeTarget "OptusWeatherTests" */ = {
			isa = XCConfigurationList;
			buildConfigurations = (
				B12A3E191ED5542B009994F1 /* Debug */,
				B12A3E1A1ED5542B009994F1 /* Release */,
			);
			defaultConfigurationIsVisible = 0;
			defaultConfigurationName = Release;
		};
/* End XCConfigurationList section */
	};
	rootObject = B12A3DF01ED5542A009994F1 /* Project object */;
}
